
Microsoft Visual Studio Solution File, Format Version 12.00
# Visual Studio Version 16
VisualStudioVersion = 16.0.32510.428
MinimumVisualStudioVersion = 10.0.40219.1
Project("{FAE04EC0-301F-11D3-BF4B-00C04F79EFBC}") = "13-06_Exercie1", "13-06_Exercie1\13-06_Exercie1.csproj", "{5673D95E-114E-4B75-84D2-28FCD5864D38}"
EndProject
Global
	GlobalSection(SolutionConfigurationPlatforms) = preSolution
		Debug|Any CPU = Debug|Any CPU
		Release|Any CPU = Release|Any CPU
	EndGlobalSection
	GlobalSection(ProjectConfigurationPlatforms) = postSolution
		{5673D95E-114E-4B75-84D2-28FCD5864D38}.Debug|Any CPU.ActiveCfg = Debug|Any CPU
		{5673D95E-114E-4B75-84D2-28FCD5864D38}.Debug|Any CPU.Build.0 = Debug|Any CPU
		{5673D95E-114E-4B75-84D2-28FCD5864D38}.Release|Any CPU.ActiveCfg = Release|Any CPU
		{5673D95E-114E-4B75-84D2-28FCD5864D38}.Release|Any CPU.Build.0 = Release|Any CPU
	EndGlobalSection
	GlobalSection(SolutionProperties) = preSolution
		HideSolutionNode = FALSE
	EndGlobalSection
	GlobalSection(ExtensibilityGlobals) = postSolution
		SolutionGuid = {34C260F5-046A-4E52-879B-31D6DFFB0A76}
	EndGlobalSection
EndGlobal
